// !$*UTF8*$!
{
	archiveVersion = 1;
	classes = {
	};
	objectVersion = 77;
	objects = {

/* Begin PBXBuildFile section */
		1332607EC1FA4A98854E79E2 /* manifest.json in Resources */ = {isa = PBXBuildFile; fileRef = 1529CB9B58ED576899A9BB7F /* manifest.json */; };
		1B59C0B79C0ADAE42C07A8D3 /* Nightshift.icns in Resources */ = {isa = PBXBuildFile; fileRef = 6EFD0CF66FFE79C377320D27 /* Nightshift.icns */; };
		28EA4EAE2A379803310A7EF7 /* Assets.xcassets in Resources */ = {isa = PBXBuildFile; fileRef = 9CF00613BE4E48B32A1A2AEE /* Assets.xcassets */; };
		3B1762ECC496BDE5AF29B385 /* popup.html in Resources */ = {isa = PBXBuildFile; fileRef = CF939B46A33A6980CAB1E815 /* popup.html */; };
		3B8C0B0438B7C315697AD40D /* SafariWebExtensionHandler.swift in Sources */ = {isa = PBXBuildFile; fileRef = 66BEDB290CDE1CC4E45B61AC /* SafariWebExtensionHandler.swift */; };
		3DE96DD59584D772573D2DB4 /* Nightshift Extension.appex in Embed Foundation Extensions */ = {isa = PBXBuildFile; fileRef = EAF70B3FABBD4982B579ABFA /* Nightshift Extension.appex */; settings = {ATTRIBUTES = (RemoveHeadersOnCopy, ); }; };
		3E9A684D51E3A194EC901D77 /* options.html in Resources */ = {isa = PBXBuildFile; fileRef = 36A9B6559B8B27E662C52060 /* options.html */; };
		3F0244FC910DC018E87B55A1 /* PrivacyInfo.xcprivacy in Resources */ = {isa = PBXBuildFile; fileRef = AE9098DC0E66750B65B25998 /* PrivacyInfo.xcprivacy */; };
		436FBA54D662E57A1D145032 /* theme-policy.js in Resources */ = {isa = PBXBuildFile; fileRef = 32C396469B4C47CAAC08EBBF /* theme-policy.js */; };
		459CC00FE19A9CD9CED8993C /* toolbar-19.png in Resources */ = {isa = PBXBuildFile; fileRef = 1596FA1A2E09B87360F2F5B3 /* toolbar-19.png */; };
		472F8C3B0171FF0A39B2972B /* toolbar-38.png in Resources */ = {isa = PBXBuildFile; fileRef = 7932891AC98E5D73738B4012 /* toolbar-38.png */; };
		4F372C061AD76BDCABC5E29A /* content.js in Resources */ = {isa = PBXBuildFile; fileRef = 6E8B45A4F9B8497709DE62BC /* content.js */; };
		523B87FE97C59AA8FD9FBB51 /* icon-128.png in Resources */ = {isa = PBXBuildFile; fileRef = AF694F57D0E751BC94EEED20 /* icon-128.png */; };
		5F0E5665334D85572B356D04 /* icon-96.png in Resources */ = {isa = PBXBuildFile; fileRef = BF714A137E145FFBB0CAAEAF /* icon-96.png */; };
		68096CE403B9969771B0CB15 /* native-dark-mode-detector.js in Resources */ = {isa = PBXBuildFile; fileRef = ED50E9CA2C7C09F4952D08E9 /* native-dark-mode-detector.js */; };
		6DC31C394727AE2AF8209B36 /* popup.js in Resources */ = {isa = PBXBuildFile; fileRef = 85CCC1941A0D2278B9B96B3C /* popup.js */; };
		7231092BF797D03F30A801B2 /* options.css in Resources */ = {isa = PBXBuildFile; fileRef = 31C041C23494BF67540BA9CE /* options.css */; };
		782BC2295DB21C2360D7AED6 /* icon-48.png in Resources */ = {isa = PBXBuildFile; fileRef = 87EC17FA01A3FC5DB52471FC /* icon-48.png */; };
		804F630EE35BCCD0F7F7DF46 /* ContentView.swift in Sources */ = {isa = PBXBuildFile; fileRef = 886D0FC1D65E9EA7FC9AA7EF /* ContentView.swift */; };
		8ED1C86C68C2F1636AB12145 /* options.js in Resources */ = {isa = PBXBuildFile; fileRef = 7EFDC8D0E27C7063CFDE5974 /* options.js */; };
		90238DE4ADDF0C2117E8C6A4 /* popup.css in Resources */ = {isa = PBXBuildFile; fileRef = 41B4565DBA2DB83B8B0C6913 /* popup.css */; };
		9249BC99B2F76465C38E5B39 /* icon-64.png in Resources */ = {isa = PBXBuildFile; fileRef = EE1DDB3EBCFCAEBFF159EF7B /* icon-64.png */; };
		962C4AE251B29A41FCAB8926 /* Nightshift Icon.icon in Resources */ = {isa = PBXBuildFile; fileRef = 2C492D32A3AFAFD5C0FF8D94 /* Nightshift Icon.icon */; };
		9AE414C67637E9CEFF453E22 /* toolbar-16.png in Resources */ = {isa = PBXBuildFile; fileRef = 2A9D1D99543F3A09359D7429 /* toolbar-16.png */; };
		9FAEF96C295252F2A7518E8A /* NightshiftApp.swift in Sources */ = {isa = PBXBuildFile; fileRef = 39E73A4CE1908C0B9E39534F /* NightshiftApp.swift */; };
		C0C71C9AFD91B3F871FF10E4 /* PrivacyInfo.xcprivacy in Resources */ = {isa = PBXBuildFile; fileRef = 09D19DE50B812D453660ED72 /* PrivacyInfo.xcprivacy */; };
		C28EF54BB085BBB188CF3798 /* nightshift.css in Resources */ = {isa = PBXBuildFile; fileRef = 0C49A4FCA399970C82F1E9B0 /* nightshift.css */; };
		D588E50105E1B34AE5C2BB05 /* icon-256.png in Resources */ = {isa = PBXBuildFile; fileRef = D5E84600CD7F58050290106B /* icon-256.png */; };
		F0DC62A81E5BF39FC9E36233 /* icon-512.png in Resources */ = {isa = PBXBuildFile; fileRef = 643324892784B73BBB3C5065 /* icon-512.png */; };
		FFD98F086AE854584580081B /* toolbar-32.png in Resources */ = {isa = PBXBuildFile; fileRef = A1FD0D4E6D5BD2443E9DBC20 /* toolbar-32.png */; };
/* End PBXBuildFile section */

/* Begin PBXContainerItemProxy section */
		C79688F70D79001E87FC8408 /* PBXContainerItemProxy */ = {
			isa = PBXContainerItemProxy;
			containerPortal = B1251D83A8A8B387A2AC6257 /* Project object */;
			proxyType = 1;
			remoteGlobalIDString = CAD54CE69AFE727927027EC9;
			remoteInfo = "Nightshift Extension";
		};
/* End PBXContainerItemProxy section */

/* Begin PBXCopyFilesBuildPhase section */
		073CEB836BF9DBE5FC183D85 /* Embed Foundation Extensions */ = {
			isa = PBXCopyFilesBuildPhase;
			buildActionMask = 2147483647;
			dstPath = "";
			dstSubfolderSpec = 13;
			files = (
				3DE96DD59584D772573D2DB4 /* Nightshift Extension.appex in Embed Foundation Extensions */,
			);
			name = "Embed Foundation Extensions";
			runOnlyForDeploymentPostprocessing = 0;
		};
/* End PBXCopyFilesBuildPhase section */

/* Begin PBXFileReference section */
		09D19DE50B812D453660ED72 /* PrivacyInfo.xcprivacy */ = {isa = PBXFileReference; path = PrivacyInfo.xcprivacy; sourceTree = "<group>"; };
		0C49A4FCA399970C82F1E9B0 /* nightshift.css */ = {isa = PBXFileReference; lastKnownFileType = text.css; path = nightshift.css; sourceTree = "<group>"; };
		1529CB9B58ED576899A9BB7F /* manifest.json */ = {isa = PBXFileReference; lastKnownFileType = text.json; path = manifest.json; sourceTree = "<group>"; };
		1596FA1A2E09B87360F2F5B3 /* toolbar-19.png */ = {isa = PBXFileReference; lastKnownFileType = image.png; path = "toolbar-19.png"; sourceTree = "<group>"; };
		2A9D1D99543F3A09359D7429 /* toolbar-16.png */ = {isa = PBXFileReference; lastKnownFileType = image.png; path = "toolbar-16.png"; sourceTree = "<group>"; };
		2C492D32A3AFAFD5C0FF8D94 /* Nightshift Icon.icon */ = {isa = PBXFileReference; lastKnownFileType = wrapper.icon; path = "Nightshift Icon.icon"; sourceTree = "<group>"; };
		31C041C23494BF67540BA9CE /* options.css */ = {isa = PBXFileReference; lastKnownFileType = text.css; path = options.css; sourceTree = "<group>"; };
		32C396469B4C47CAAC08EBBF /* theme-policy.js */ = {isa = PBXFileReference; lastKnownFileType = sourcecode.javascript; path = "theme-policy.js"; sourceTree = "<group>"; };
		36A9B6559B8B27E662C52060 /* options.html */ = {isa = PBXFileReference; lastKnownFileType = text.html; path = options.html; sourceTree = "<group>"; };
		39E73A4CE1908C0B9E39534F /* NightshiftApp.swift */ = {isa = PBXFileReference; lastKnownFileType = sourcecode.swift; path = NightshiftApp.swift; sourceTree = "<group>"; };
		41B4565DBA2DB83B8B0C6913 /* popup.css */ = {isa = PBXFileReference; lastKnownFileType = text.css; path = popup.css; sourceTree = "<group>"; };
		643324892784B73BBB3C5065 /* icon-512.png */ = {isa = PBXFileReference; lastKnownFileType = image.png; path = "icon-512.png"; sourceTree = "<group>"; };
		66BEDB290CDE1CC4E45B61AC /* SafariWebExtensionHandler.swift */ = {isa = PBXFileReference; lastKnownFileType = sourcecode.swift; path = SafariWebExtensionHandler.swift; sourceTree = "<group>"; };
		6E8B45A4F9B8497709DE62BC /* content.js */ = {isa = PBXFileReference; lastKnownFileType = sourcecode.javascript; path = content.js; sourceTree = "<group>"; };
		6EFD0CF66FFE79C377320D27 /* Nightshift.icns */ = {isa = PBXFileReference; lastKnownFileType = image.icns; path = Nightshift.icns; sourceTree = "<group>"; };
		7932891AC98E5D73738B4012 /* toolbar-38.png */ = {isa = PBXFileReference; lastKnownFileType = image.png; path = "toolbar-38.png"; sourceTree = "<group>"; };
		7EFDC8D0E27C7063CFDE5974 /* options.js */ = {isa = PBXFileReference; lastKnownFileType = sourcecode.javascript; path = options.js; sourceTree = "<group>"; };
		84C94DF4BE0E02D1B2FFB650 /* Nightshift.app */ = {isa = PBXFileReference; explicitFileType = wrapper.application; includeInIndex = 0; path = Nightshift.app; sourceTree = BUILT_PRODUCTS_DIR; };
		85CCC1941A0D2278B9B96B3C /* popup.js */ = {isa = PBXFileReference; lastKnownFileType = sourcecode.javascript; path = popup.js; sourceTree = "<group>"; };
		87EC17FA01A3FC5DB52471FC /* icon-48.png */ = {isa = PBXFileReference; lastKnownFileType = image.png; path = "icon-48.png"; sourceTree = "<group>"; };
		886D0FC1D65E9EA7FC9AA7EF /* ContentView.swift */ = {isa = PBXFileReference; lastKnownFileType = sourcecode.swift; path = ContentView.swift; sourceTree = "<group>"; };
		9CF00613BE4E48B32A1A2AEE /* Assets.xcassets */ = {isa = PBXFileReference; lastKnownFileType = folder.assetcatalog; path = Assets.xcassets; sourceTree = "<group>"; };
		A1FD0D4E6D5BD2443E9DBC20 /* toolbar-32.png */ = {isa = PBXFileReference; lastKnownFileType = image.png; path = "toolbar-32.png"; sourceTree = "<group>"; };
		AE9098DC0E66750B65B25998 /* PrivacyInfo.xcprivacy */ = {isa = PBXFileReference; path = PrivacyInfo.xcprivacy; sourceTree = "<group>"; };
		AF694F57D0E751BC94EEED20 /* icon-128.png */ = {isa = PBXFileReference; lastKnownFileType = image.png; path = "icon-128.png"; sourceTree = "<group>"; };
		BF714A137E145FFBB0CAAEAF /* icon-96.png */ = {isa = PBXFileReference; lastKnownFileType = image.png; path = "icon-96.png"; sourceTree = "<group>"; };
		CF939B46A33A6980CAB1E815 /* popup.html */ = {isa = PBXFileReference; lastKnownFileType = text.html; path = popup.html; sourceTree = "<group>"; };
		D5E84600CD7F58050290106B /* icon-256.png */ = {isa = PBXFileReference; lastKnownFileType = image.png; path = "icon-256.png"; sourceTree = "<group>"; };
		EAF70B3FABBD4982B579ABFA /* Nightshift Extension.appex */ = {isa = PBXFileReference; explicitFileType = "wrapper.app-extension"; includeInIndex = 0; path = "Nightshift Extension.appex"; sourceTree = BUILT_PRODUCTS_DIR; };
		ED50E9CA2C7C09F4952D08E9 /* native-dark-mode-detector.js */ = {isa = PBXFileReference; lastKnownFileType = sourcecode.javascript; path = "native-dark-mode-detector.js"; sourceTree = "<group>"; };
		EE1DDB3EBCFCAEBFF159EF7B /* icon-64.png */ = {isa = PBXFileReference; lastKnownFileType = image.png; path = "icon-64.png"; sourceTree = "<group>"; };
/* End PBXFileReference section */

/* Begin PBXGroup section */
		60FE14D7F490CB74F7B9D518 /* Resources */ = {
			isa = PBXGroup;
			children = (
				6E8B45A4F9B8497709DE62BC /* content.js */,
				87EC17FA01A3FC5DB52471FC /* icon-48.png */,
				EE1DDB3EBCFCAEBFF159EF7B /* icon-64.png */,
				BF714A137E145FFBB0CAAEAF /* icon-96.png */,
				AF694F57D0E751BC94EEED20 /* icon-128.png */,
				D5E84600CD7F58050290106B /* icon-256.png */,
				643324892784B73BBB3C5065 /* icon-512.png */,
				1529CB9B58ED576899A9BB7F /* manifest.json */,
				ED50E9CA2C7C09F4952D08E9 /* native-dark-mode-detector.js */,
				0C49A4FCA399970C82F1E9B0 /* nightshift.css */,
				31C041C23494BF67540BA9CE /* options.css */,
				36A9B6559B8B27E662C52060 /* options.html */,
				7EFDC8D0E27C7063CFDE5974 /* options.js */,
				41B4565DBA2DB83B8B0C6913 /* popup.css */,
				CF939B46A33A6980CAB1E815 /* popup.html */,
				85CCC1941A0D2278B9B96B3C /* popup.js */,
				32C396469B4C47CAAC08EBBF /* theme-policy.js */,
				2A9D1D99543F3A09359D7429 /* toolbar-16.png */,
				1596FA1A2E09B87360F2F5B3 /* toolbar-19.png */,
				A1FD0D4E6D5BD2443E9DBC20 /* toolbar-32.png */,
				7932891AC98E5D73738B4012 /* toolbar-38.png */,
			);
			path = Resources;
			sourceTree = "<group>";
		};
		78A3CE8002690AA501A6B962 /* Icon */ = {
			isa = PBXGroup;
			children = (
				2C492D32A3AFAFD5C0FF8D94 /* Nightshift Icon.icon */,
			);
			path = Icon;
			sourceTree = "<group>";
		};
		9D64B5CFECE08AEB244D7087 /* Nightshift Extension */ = {
			isa = PBXGroup;
			children = (
				09D19DE50B812D453660ED72 /* PrivacyInfo.xcprivacy */,
				66BEDB290CDE1CC4E45B61AC /* SafariWebExtensionHandler.swift */,
				60FE14D7F490CB74F7B9D518 /* Resources */,
			);
			path = "Nightshift Extension";
			sourceTree = "<group>";
		};
		CE9E89BEE8D9A32494C35FC4 /* Products */ = {
			isa = PBXGroup;
			children = (
				EAF70B3FABBD4982B579ABFA /* Nightshift Extension.appex */,
				84C94DF4BE0E02D1B2FFB650 /* Nightshift.app */,
			);
			name = Products;
			sourceTree = "<group>";
		};
		D97F7DA4BEF43B6678BAC821 = {
			isa = PBXGroup;
			children = (
				78A3CE8002690AA501A6B962 /* Icon */,
				F00AAA1338016CB62140D335 /* Nightshift */,
				9D64B5CFECE08AEB244D7087 /* Nightshift Extension */,
				CE9E89BEE8D9A32494C35FC4 /* Products */,
			);
			sourceTree = "<group>";
		};
		F00AAA1338016CB62140D335 /* Nightshift */ = {
			isa = PBXGroup;
			children = (
				9CF00613BE4E48B32A1A2AEE /* Assets.xcassets */,
				886D0FC1D65E9EA7FC9AA7EF /* ContentView.swift */,
				6EFD0CF66FFE79C377320D27 /* Nightshift.icns */,
				39E73A4CE1908C0B9E39534F /* NightshiftApp.swift */,
				AE9098DC0E66750B65B25998 /* PrivacyInfo.xcprivacy */,
			);
			path = Nightshift;
			sourceTree = "<group>";
		};
/* End PBXGroup section */

/* Begin PBXNativeTarget section */
		CAD54CE69AFE727927027EC9 /* Nightshift Extension */ = {
			isa = PBXNativeTarget;
			buildConfigurationList = EF1A8EE3F41FEAD81CB84FC6 /* Build configuration list for PBXNativeTarget "Nightshift Extension" */;
			buildPhases = (
				4D5A30A4583B899796978B29 /* Sources */,
				BF25C7A4FB28795B5CC0068E /* Resources */,
			);
			buildRules = (
			);
			dependencies = (
			);
			name = "Nightshift Extension";
			packageProductDependencies = (
			);
			productName = "Nightshift Extension";
			productReference = EAF70B3FABBD4982B579ABFA /* Nightshift Extension.appex */;
			productType = "com.apple.product-type.app-extension";
		};
		E371ADD24F8172932ED7C9DC /* Nightshift */ = {
			isa = PBXNativeTarget;
			buildConfigurationList = 3736C1D2D993F6175411178F /* Build configuration list for PBXNativeTarget "Nightshift" */;
			buildPhases = (
				FBD196FA1BDEE90B0127B183 /* Sources */,
				6C465D9CCF157FE7B191FC28 /* Resources */,
				073CEB836BF9DBE5FC183D85 /* Embed Foundation Extensions */,
			);
			buildRules = (
			);
			dependencies = (
				5B6C6F875105CC469A21B275 /* PBXTargetDependency */,
			);
			name = Nightshift;
			packageProductDependencies = (
			);
			productName = Nightshift;
			productReference = 84C94DF4BE0E02D1B2FFB650 /* Nightshift.app */;
			productType = "com.apple.product-type.application";
		};
/* End PBXNativeTarget section */

/* Begin PBXProject section */
		B1251D83A8A8B387A2AC6257 /* Project object */ = {
			isa = PBXProject;
			attributes = {
				BuildIndependentTargetsInParallel = YES;
				LastUpgradeCheck = 1430;
				TargetAttributes = {
					CAD54CE69AFE727927027EC9 = {
						DevelopmentTeam = BJZSH247Q9;
						ProvisioningStyle = Automatic;
					};
					E371ADD24F8172932ED7C9DC = {
						DevelopmentTeam = BJZSH247Q9;
						ProvisioningStyle = Automatic;
					};
				};
			};
			buildConfigurationList = 178A162F6FAB0508C90EFC6E /* Build configuration list for PBXProject "Nightshift" */;
			developmentRegion = en;
			hasScannedForEncodings = 0;
			knownRegions = (
				Base,
				en,
			);
			mainGroup = D97F7DA4BEF43B6678BAC821;
			minimizedProjectReferenceProxies = 1;
			preferredProjectObjectVersion = 77;
			productRefGroup = CE9E89BEE8D9A32494C35FC4 /* Products */;
			projectDirPath = "";
			projectRoot = "";
			targets = (
				E371ADD24F8172932ED7C9DC /* Nightshift */,
				CAD54CE69AFE727927027EC9 /* Nightshift Extension */,
			);
		};
/* End PBXProject section */

/* Begin PBXResourcesBuildPhase section */
		6C465D9CCF157FE7B191FC28 /* Resources */ = {
			isa = PBXResourcesBuildPhase;
			buildActionMask = 2147483647;
			files = (
				28EA4EAE2A379803310A7EF7 /* Assets.xcassets in Resources */,
				962C4AE251B29A41FCAB8926 /* Nightshift Icon.icon in Resources */,
				1B59C0B79C0ADAE42C07A8D3 /* Nightshift.icns in Resources */,
				3F0244FC910DC018E87B55A1 /* PrivacyInfo.xcprivacy in Resources */,
			);
			runOnlyForDeploymentPostprocessing = 0;
		};
		BF25C7A4FB28795B5CC0068E /* Resources */ = {
			isa = PBXResourcesBuildPhase;
			buildActionMask = 2147483647;
			files = (
				C0C71C9AFD91B3F871FF10E4 /* PrivacyInfo.xcprivacy in Resources */,
				4F372C061AD76BDCABC5E29A /* content.js in Resources */,
				523B87FE97C59AA8FD9FBB51 /* icon-128.png in Resources */,
				D588E50105E1B34AE5C2BB05 /* icon-256.png in Resources */,
				782BC2295DB21C2360D7AED6 /* icon-48.png in Resources */,
				F0DC62A81E5BF39FC9E36233 /* icon-512.png in Resources */,
				9249BC99B2F76465C38E5B39 /* icon-64.png in Resources */,
				5F0E5665334D85572B356D04 /* icon-96.png in Resources */,
				1332607EC1FA4A98854E79E2 /* manifest.json in Resources */,
				68096CE403B9969771B0CB15 /* native-dark-mode-detector.js in Resources */,
				C28EF54BB085BBB188CF3798 /* nightshift.css in Resources */,
				7231092BF797D03F30A801B2 /* options.css in Resources */,
				3E9A684D51E3A194EC901D77 /* options.html in Resources */,
				8ED1C86C68C2F1636AB12145 /* options.js in Resources */,
				90238DE4ADDF0C2117E8C6A4 /* popup.css in Resources */,
				3B1762ECC496BDE5AF29B385 /* popup.html in Resources */,
				6DC31C394727AE2AF8209B36 /* popup.js in Resources */,
				436FBA54D662E57A1D145032 /* theme-policy.js in Resources */,
				9AE414C67637E9CEFF453E22 /* toolbar-16.png in Resources */,
				459CC00FE19A9CD9CED8993C /* toolbar-19.png in Resources */,
				FFD98F086AE854584580081B /* toolbar-32.png in Resources */,
				472F8C3B0171FF0A39B2972B /* toolbar-38.png in Resources */,
			);
			runOnlyForDeploymentPostprocessing = 0;
		};
/* End PBXResourcesBuildPhase section */

/* Begin PBXSourcesBuildPhase section */
		4D5A30A4583B899796978B29 /* Sources */ = {
			isa = PBXSourcesBuildPhase;
			buildActionMask = 2147483647;
			files = (
				3B8C0B0438B7C315697AD40D /* SafariWebExtensionHandler.swift in Sources */,
			);
			runOnlyForDeploymentPostprocessing = 0;
		};
		FBD196FA1BDEE90B0127B183 /* Sources */ = {
			isa = PBXSourcesBuildPhase;
			buildActionMask = 2147483647;
			files = (
				804F630EE35BCCD0F7F7DF46 /* ContentView.swift in Sources */,
				9FAEF96C295252F2A7518E8A /* NightshiftApp.swift in Sources */,
			);
			runOnlyForDeploymentPostprocessing = 0;
		};
/* End PBXSourcesBuildPhase section */

/* Begin PBXTargetDependency section */
		5B6C6F875105CC469A21B275 /* PBXTargetDependency */ = {
			isa = PBXTargetDependency;
			target = CAD54CE69AFE727927027EC9 /* Nightshift Extension */;
			targetProxy = C79688F70D79001E87FC8408 /* PBXContainerItemProxy */;
		};
/* End PBXTargetDependency section */

/* Begin XCBuildConfiguration section */
		08077218B45ECB1340DD0834 /* Release */ = {
			isa = XCBuildConfiguration;
			buildSettings = {
				ALWAYS_EMBED_SWIFT_STANDARD_LIBRARIES = YES;
				ASSETCATALOG_COMPILER_APPICON_NAME = "Nightshift Icon";
				CODE_SIGN_ENTITLEMENTS = Nightshift/Nightshift.entitlements;
				CODE_SIGN_STYLE = Automatic;
				COMBINE_HIDPI_IMAGES = YES;
				INFOPLIST_FILE = Nightshift/Info.plist;
				LD_RUNPATH_SEARCH_PATHS = (
					"$(inherited)",
					"@executable_path/../Frameworks",
				);
				PRODUCT_BUNDLE_IDENTIFIER = com.FlyMedia.Nightshift;
				SDKROOT = macosx;
			};
			name = Release;
		};
		22D2FFB476A5B34ADC3FC25A /* Debug */ = {
			isa = XCBuildConfiguration;
			buildSettings = {
				ALWAYS_SEARCH_USER_PATHS = NO;
				CLANG_ANALYZER_NONNULL = YES;
				CLANG_ANALYZER_NUMBER_OBJECT_CONVERSION = YES_AGGRESSIVE;
				CLANG_CXX_LANGUAGE_STANDARD = "gnu++14";
				CLANG_CXX_LIBRARY = "libc++";
				CLANG_ENABLE_MODULES = YES;
				CLANG_ENABLE_OBJC_ARC = YES;
				CLANG_ENABLE_OBJC_WEAK = YES;
				CLANG_WARN_BLOCK_CAPTURE_AUTORELEASING = YES;
				CLANG_WARN_BOOL_CONVERSION = YES;
				CLANG_WARN_COMMA = YES;
				CLANG_WARN_CONSTANT_CONVERSION = YES;
				CLANG_WARN_DEPRECATED_OBJC_IMPLEMENTATIONS = YES;
				CLANG_WARN_DIRECT_OBJC_ISA_USAGE = YES_ERROR;
				CLANG_WARN_DOCUMENTATION_COMMENTS = YES;
				CLANG_WARN_EMPTY_BODY = YES;
				CLANG_WARN_ENUM_CONVERSION = YES;
				CLANG_WARN_INFINITE_RECURSION = YES;
				CLANG_WARN_INT_CONVERSION = YES;
				CLANG_WARN_NON_LITERAL_NULL_CONVERSION = YES;
				CLANG_WARN_OBJC_IMPLICIT_RETAIN_SELF = YES;
				CLANG_WARN_OBJC_LITERAL_CONVERSION = YES;
				CLANG_WARN_OBJC_ROOT_CLASS = YES_ERROR;
				CLANG_WARN_QUOTED_INCLUDE_IN_FRAMEWORK_HEADER = YES;
				CLANG_WARN_RANGE_LOOP_ANALYSIS = YES;
				CLANG_WARN_STRICT_PROTOTYPES = YES;
				CLANG_WARN_SUSPICIOUS_MOVE = YES;
				CLANG_WARN_UNGUARDED_AVAILABILITY = YES_AGGRESSIVE;
				CLANG_WARN_UNREACHABLE_CODE = YES;
				CLANG_WARN__DUPLICATE_METHOD_MATCH = YES;
				CODE_SIGN_INJECT_BASE_ENTITLEMENTS = NO;
				COPY_PHASE_STRIP = NO;
				CURRENT_PROJECT_VERSION = 14;
				DEBUG_INFORMATION_FORMAT = dwarf;
				DEVELOPMENT_TEAM = BJZSH247Q9;
				ENABLE_HARDENED_RUNTIME = YES;
				ENABLE_STRICT_OBJC_MSGSEND = YES;
				ENABLE_TESTABILITY = YES;
				GCC_C_LANGUAGE_STANDARD = gnu11;
				GCC_DYNAMIC_NO_PIC = NO;
				GCC_NO_COMMON_BLOCKS = YES;
				GCC_OPTIMIZATION_LEVEL = 0;
				GCC_PREPROCESSOR_DEFINITIONS = (
					"$(inherited)",
					"DEBUG=1",
				);
				GCC_WARN_64_TO_32_BIT_CONVERSION = YES;
				GCC_WARN_ABOUT_RETURN_TYPE = YES_ERROR;
				GCC_WARN_UNDECLARED_SELECTOR = YES;
				GCC_WARN_UNINITIALIZED_AUTOS = YES_AGGRESSIVE;
				GCC_WARN_UNUSED_FUNCTION = YES;
				GCC_WARN_UNUSED_VARIABLE = YES;
				MACOSX_DEPLOYMENT_TARGET = 12.3;
				MARKETING_VERSION = 1.0.5;
				MTL_ENABLE_DEBUG_INFO = INCLUDE_SOURCE;
				MTL_FAST_MATH = YES;
				ONLY_ACTIVE_ARCH = YES;
				OTHER_CODE_SIGN_FLAGS = "--timestamp";
				PRODUCT_NAME = "$(TARGET_NAME)";
				SDKROOT = macosx;
				SWIFT_ACTIVE_COMPILATION_CONDITIONS = DEBUG;
				SWIFT_OPTIMIZATION_LEVEL = "-Onone";
				SWIFT_STRICT_CONCURRENCY = complete;
				SWIFT_VERSION = 6.0;
			};
			name = Debug;
		};
		29BE687FDC20A102720864D9 /* Debug */ = {
			isa = XCBuildConfiguration;
			buildSettings = {
				ALWAYS_EMBED_SWIFT_STANDARD_LIBRARIES = YES;
				ASSETCATALOG_COMPILER_APPICON_NAME = "Nightshift Icon";
				CODE_SIGN_ENTITLEMENTS = Nightshift/Nightshift.entitlements;
				CODE_SIGN_STYLE = Automatic;
				COMBINE_HIDPI_IMAGES = YES;
				INFOPLIST_FILE = Nightshift/Info.plist;
				LD_RUNPATH_SEARCH_PATHS = (
					"$(inherited)",
					"@executable_path/../Frameworks",
				);
				PRODUCT_BUNDLE_IDENTIFIER = com.FlyMedia.Nightshift;
				SDKROOT = macosx;
			};
			name = Debug;
		};
		37AF537E746CB8224D26285F /* Release */ = {
			isa = XCBuildConfiguration;
			buildSettings = {
				APPLICATION_EXTENSION_API_ONLY = YES;
				CODE_SIGN_ENTITLEMENTS = "Nightshift Extension/Nightshift_Extension.entitlements";
				CODE_SIGN_STYLE = Automatic;
				COMBINE_HIDPI_IMAGES = YES;
				ENABLE_APP_SANDBOX = YES;
				ENABLE_USER_SELECTED_FILES = readonly;
				INFOPLIST_FILE = "Nightshift Extension/Info.plist";
				LD_RUNPATH_SEARCH_PATHS = (
					"$(inherited)",
					"@executable_path/../Frameworks",
					"@executable_path/../../../../Frameworks",
				);
				OTHER_LDFLAGS = "-framework SafariServices";
				PRODUCT_BUNDLE_IDENTIFIER = com.FlyMedia.Nightshift.Extension;
				SDKROOT = macosx;
				SKIP_INSTALL = YES;
			};
			name = Release;
		};
		3FEB4F3BE23D59C6057BF980 /* Debug */ = {
			isa = XCBuildConfiguration;
			buildSettings = {
				APPLICATION_EXTENSION_API_ONLY = YES;
				CODE_SIGN_ENTITLEMENTS = "Nightshift Extension/Nightshift_Extension.entitlements";
				CODE_SIGN_STYLE = Automatic;
				COMBINE_HIDPI_IMAGES = YES;
				ENABLE_APP_SANDBOX = YES;
				ENABLE_USER_SELECTED_FILES = readonly;
				INFOPLIST_FILE = "Nightshift Extension/Info.plist";
				LD_RUNPATH_SEARCH_PATHS = (
					"$(inherited)",
					"@executable_path/../Frameworks",
					"@executable_path/../../../../Frameworks",
				);
				OTHER_LDFLAGS = "-framework SafariServices";
				PRODUCT_BUNDLE_IDENTIFIER = com.FlyMedia.Nightshift.Extension;
				SDKROOT = macosx;
				SKIP_INSTALL = YES;
			};
			name = Debug;
		};
		FB490F3DC1F6C697D698A95B /* Release */ = {
			isa = XCBuildConfiguration;
			buildSettings = {
				ALWAYS_SEARCH_USER_PATHS = NO;
				CLANG_ANALYZER_NONNULL = YES;
				CLANG_ANALYZER_NUMBER_OBJECT_CONVERSION = YES_AGGRESSIVE;
				CLANG_CXX_LANGUAGE_STANDARD = "gnu++14";
				CLANG_CXX_LIBRARY = "libc++";
				CLANG_ENABLE_MODULES = YES;
				CLANG_ENABLE_OBJC_ARC = YES;
				CLANG_ENABLE_OBJC_WEAK = YES;
				CLANG_WARN_BLOCK_CAPTURE_AUTORELEASING = YES;
				CLANG_WARN_BOOL_CONVERSION = YES;
				CLANG_WARN_COMMA = YES;
				CLANG_WARN_CONSTANT_CONVERSION = YES;
				CLANG_WARN_DEPRECATED_OBJC_IMPLEMENTATIONS = YES;
				CLANG_WARN_DIRECT_OBJC_ISA_USAGE = YES_ERROR;
				CLANG_WARN_DOCUMENTATION_COMMENTS = YES;
				CLANG_WARN_EMPTY_BODY = YES;
				CLANG_WARN_ENUM_CONVERSION = YES;
				CLANG_WARN_INFINITE_RECURSION = YES;
				CLANG_WARN_INT_CONVERSION = YES;
				CLANG_WARN_NON_LITERAL_NULL_CONVERSION = YES;
				CLANG_WARN_OBJC_IMPLICIT_RETAIN_SELF = YES;
				CLANG_WARN_OBJC_LITERAL_CONVERSION = YES;
				CLANG_WARN_OBJC_ROOT_CLASS = YES_ERROR;
				CLANG_WARN_QUOTED_INCLUDE_IN_FRAMEWORK_HEADER = YES;
				CLANG_WARN_RANGE_LOOP_ANALYSIS = YES;
				CLANG_WARN_STRICT_PROTOTYPES = YES;
				CLANG_WARN_SUSPICIOUS_MOVE = YES;
				CLANG_WARN_UNGUARDED_AVAILABILITY = YES_AGGRESSIVE;
				CLANG_WARN_UNREACHABLE_CODE = YES;
				CLANG_WARN__DUPLICATE_METHOD_MATCH = YES;
				CODE_SIGN_INJECT_BASE_ENTITLEMENTS = NO;
				COPY_PHASE_STRIP = NO;
				CURRENT_PROJECT_VERSION = 14;
				DEBUG_INFORMATION_FORMAT = "dwarf-with-dsym";
				DEVELOPMENT_TEAM = BJZSH247Q9;
				ENABLE_HARDENED_RUNTIME = YES;
				ENABLE_NS_ASSERTIONS = NO;
				ENABLE_STRICT_OBJC_MSGSEND = YES;
				GCC_C_LANGUAGE_STANDARD = gnu11;
				GCC_NO_COMMON_BLOCKS = YES;
				GCC_WARN_64_TO_32_BIT_CONVERSION = YES;
				GCC_WARN_ABOUT_RETURN_TYPE = YES_ERROR;
				GCC_WARN_UNDECLARED_SELECTOR = YES;
				GCC_WARN_UNINITIALIZED_AUTOS = YES_AGGRESSIVE;
				GCC_WARN_UNUSED_FUNCTION = YES;
				GCC_WARN_UNUSED_VARIABLE = YES;
				MACOSX_DEPLOYMENT_TARGET = 12.3;
				MARKETING_VERSION = 1.0.5;
				MTL_ENABLE_DEBUG_INFO = NO;
				MTL_FAST_MATH = YES;
				OTHER_CODE_SIGN_FLAGS = "--timestamp";
				PRODUCT_NAME = "$(TARGET_NAME)";
				SDKROOT = macosx;
				SWIFT_COMPILATION_MODE = wholemodule;
				SWIFT_OPTIMIZATION_LEVEL = "-O";
				SWIFT_STRICT_CONCURRENCY = complete;
				SWIFT_VERSION = 6.0;
			};
			name = Release;
		};
/* End XCBuildConfiguration section */

/* Begin XCConfigurationList section */
		178A162F6FAB0508C90EFC6E /* Build configuration list for PBXProject "Nightshift" */ = {
			isa = XCConfigurationList;
			buildConfigurations = (
				22D2FFB476A5B34ADC3FC25A /* Debug */,
				FB490F3DC1F6C697D698A95B /* Release */,
			);
			defaultConfigurationIsVisible = 0;
			defaultConfigurationName = Debug;
		};
		3736C1D2D993F6175411178F /* Build configuration list for PBXNativeTarget "Nightshift" */ = {
			isa = XCConfigurationList;
			buildConfigurations = (
				29BE687FDC20A102720864D9 /* Debug */,
				08077218B45ECB1340DD0834 /* Release */,
			);
			defaultConfigurationIsVisible = 0;
			defaultConfigurationName = Debug;
		};
		EF1A8EE3F41FEAD81CB84FC6 /* Build configuration list for PBXNativeTarget "Nightshift Extension" */ = {
			isa = XCConfigurationList;
			buildConfigurations = (
				3FEB4F3BE23D59C6057BF980 /* Debug */,
				37AF537E746CB8224D26285F /* Release */,
			);
			defaultConfigurationIsVisible = 0;
			defaultConfigurationName = Debug;
		};
/* End XCConfigurationList section */
	};
	rootObject = B1251D83A8A8B387A2AC6257 /* Project object */;
}
